
Microsoft Visual Studio Solution File, Format Version 12.00
# Visual Studio 2017
Project("{FAE04EC0-301F-11D3-BF4B-00C04F79EFBC}") = "MovieVotingCoreSQL", "MovieVotingCoreSQL.csproj", "{3CB2AA68-6DF8-40A1-B5F1-94F7061ED27D}"
EndProject
Project("{E53339B2-1760-4266-BCC7-CA923CBCF16C}") = "docker-compose", "docker-compose.dcproj", "{DD341F32-DF2C-4CF0-9101-93B1F6EADAB1}"
EndProject
Global
	GlobalSection(SolutionConfigurationPlatforms) = preSolution
		Debug|Any CPU = Debug|Any CPU
		Release|Any CPU = Release|Any CPU
	EndGlobalSection
	GlobalSection(ProjectConfigurationPlatforms) = postSolution
		{3CB2AA68-6DF8-40A1-B5F1-94F7061ED27D}.Debug|Any CPU.ActiveCfg = Debug|Any CPU
		{3CB2AA68-6DF8-40A1-B5F1-94F7061ED27D}.Debug|Any CPU.Build.0 = Debug|Any CPU
		{3CB2AA68-6DF8-40A1-B5F1-94F7061ED27D}.Release|Any CPU.ActiveCfg = Release|Any CPU
		{3CB2AA68-6DF8-40A1-B5F1-94F7061ED27D}.Release|Any CPU.Build.0 = Release|Any CPU
		{DD341F32-DF2C-4CF0-9101-93B1F6EADAB1}.Debug|Any CPU.ActiveCfg = Debug|Any CPU
		{DD341F32-DF2C-4CF0-9101-93B1F6EADAB1}.Debug|Any CPU.Build.0 = Debug|Any CPU
		{DD341F32-DF2C-4CF0-9101-93B1F6EADAB1}.Release|Any CPU.ActiveCfg = Release|Any CPU
		{DD341F32-DF2C-4CF0-9101-93B1F6EADAB1}.Release|Any CPU.Build.0 = Release|Any CPU
	EndGlobalSection
EndGlobal
